
Microsoft Visual Studio Solution File, Format Version 12.00
# Visual Studio Version 17
VisualStudioVersion = 17.0.31903.59
MinimumVisualStudioVersion = 10.0.40219.1
Project("{9A19103F-16F7-4668-BE54-9A1E7A4F7556}") = "Example01", "src\Example01\Example01.csproj", "{448305D8-1537-46F7-8ABB-AFCAD8370762}"
EndProject
Project("{9A19103F-16F7-4668-BE54-9A1E7A4F7556}") = "Example02", "src\Example02\Example02.csproj", "{761D8005-F4F1-4777-A6AB-7A636034F403}"
EndProject
Project("{2150E333-8FDC-42A3-9474-1A3956D46DE8}") = "Tests", "Tests", "{9339D2D3-8723-4882-804F-248CF0536DEE}"
EndProject
Project("{9A19103F-16F7-4668-BE54-9A1E7A4F7556}") = "Example01.Tests", "test\Example01.Tests\Example01.Tests.csproj", "{0322F7E1-EED3-4572-88A9-DF063A4E7083}"
EndProject
Project("{9A19103F-16F7-4668-BE54-9A1E7A4F7556}") = "Example02.Tests", "test\Example02.Tests\Example02.Tests.csproj", "{51DA5659-29AA-42F6-BC98-1D6AF1E70395}"
EndProject
Project("{2150E333-8FDC-42A3-9474-1A3956D46DE8}") = "Solution Items", "Solution Items", "{5C1A3471-71DF-43FD-A957-39E958788EBB}"
	ProjectSection(SolutionItems) = preProject
		README.md = README.md
	EndProjectSection
EndProject
Project("{9A19103F-16F7-4668-BE54-9A1E7A4F7556}") = "Example03", "src\Example03\Example03.csproj", "{4C841FBF-28A8-4170-AE26-8D57F5F26C05}"
EndProject
Project("{9A19103F-16F7-4668-BE54-9A1E7A4F7556}") = "Example03.Tests", "test\Example03.Tests\Example03.Tests.csproj", "{A30BBBA8-9AE1-4813-BE5F-D959F89D1FAA}"
EndProject
Project("{9A19103F-16F7-4668-BE54-9A1E7A4F7556}") = "Example04", "src\Example04\Example04.csproj", "{FB233A10-D5E3-4C72-A378-BDD92FE04B5D}"
EndProject
Project("{9A19103F-16F7-4668-BE54-9A1E7A4F7556}") = "Example04.Tests", "test\Example04.Tests\Example04.Tests.csproj", "{4D3EB165-E3AF-4536-9F5B-2FD8B8D557CD}"
EndProject
Project("{9A19103F-16F7-4668-BE54-9A1E7A4F7556}") = "Example05", "src\Example05\Example05.csproj", "{864908A8-9DE1-4A24-84DE-73A792CB12A8}"
EndProject
Project("{9A19103F-16F7-4668-BE54-9A1E7A4F7556}") = "Example05.Tests", "test\Example05.Tests\Example05.Tests.csproj", "{952D9145-3F60-4435-8E80-EC8A724F872C}"
EndProject
Project("{9A19103F-16F7-4668-BE54-9A1E7A4F7556}") = "Example06", "src\Example06\Example06.csproj", "{796CABB6-DDC9-4396-871C-F5C574277DD5}"
EndProject
Project("{9A19103F-16F7-4668-BE54-9A1E7A4F7556}") = "Example06.Tests", "test\Example06.Tests\Example06.Tests.csproj", "{77911A05-7DE5-4C04-95DD-F5D5350C3B38}"
EndProject
Project("{9A19103F-16F7-4668-BE54-9A1E7A4F7556}") = "Example07", "src\Example07\Example07.csproj", "{72FFF3DF-E6DB-4E14-B4B4-191C4FF477F0}"
EndProject
Project("{9A19103F-16F7-4668-BE54-9A1E7A4F7556}") = "Example07.Tests", "test\Example07.Tests\Example07.Tests.csproj", "{5C71B740-DE90-49FC-B6FF-4A00165750CF}"
EndProject
Project("{9A19103F-16F7-4668-BE54-9A1E7A4F7556}") = "Example08", "src\Example08\Example08.csproj", "{26C55565-BBAB-42D7-8AD9-A371734AC6F3}"
EndProject
Project("{9A19103F-16F7-4668-BE54-9A1E7A4F7556}") = "Example08.Tests", "test\Example08.Tests\Example08.Tests.csproj", "{3DDE0CB6-266D-4AE7-A624-2F2FDE7186FE}"
EndProject
Global
	GlobalSection(SolutionConfigurationPlatforms) = preSolution
		Debug|Any CPU = Debug|Any CPU
		Release|Any CPU = Release|Any CPU
	EndGlobalSection
	GlobalSection(ProjectConfigurationPlatforms) = postSolution
		{448305D8-1537-46F7-8ABB-AFCAD8370762}.Debug|Any CPU.ActiveCfg = Debug|Any CPU
		{448305D8-1537-46F7-8ABB-AFCAD8370762}.Debug|Any CPU.Build.0 = Debug|Any CPU
		{448305D8-1537-46F7-8ABB-AFCAD8370762}.Release|Any CPU.ActiveCfg = Release|Any CPU
		{448305D8-1537-46F7-8ABB-AFCAD8370762}.Release|Any CPU.Build.0 = Release|Any CPU
		{761D8005-F4F1-4777-A6AB-7A636034F403}.Debug|Any CPU.ActiveCfg = Debug|Any CPU
		{761D8005-F4F1-4777-A6AB-7A636034F403}.Debug|Any CPU.Build.0 = Debug|Any CPU
		{761D8005-F4F1-4777-A6AB-7A636034F403}.Release|Any CPU.ActiveCfg = Release|Any CPU
		{761D8005-F4F1-4777-A6AB-7A636034F403}.Release|Any CPU.Build.0 = Release|Any CPU
		{0322F7E1-EED3-4572-88A9-DF063A4E7083}.Debug|Any CPU.ActiveCfg = Debug|Any CPU
		{0322F7E1-EED3-4572-88A9-DF063A4E7083}.Debug|Any CPU.Build.0 = Debug|Any CPU
		{0322F7E1-EED3-4572-88A9-DF063A4E7083}.Release|Any CPU.ActiveCfg = Release|Any CPU
		{0322F7E1-EED3-4572-88A9-DF063A4E7083}.Release|Any CPU.Build.0 = Release|Any CPU
		{51DA5659-29AA-42F6-BC98-1D6AF1E70395}.Debug|Any CPU.ActiveCfg = Debug|Any CPU
		{51DA5659-29AA-42F6-BC98-1D6AF1E70395}.Debug|Any CPU.Build.0 = Debug|Any CPU
		{51DA5659-29AA-42F6-BC98-1D6AF1E70395}.Release|Any CPU.ActiveCfg = Release|Any CPU
		{51DA5659-29AA-42F6-BC98-1D6AF1E70395}.Release|Any CPU.Build.0 = Release|Any CPU
		{4C841FBF-28A8-4170-AE26-8D57F5F26C05}.Debug|Any CPU.ActiveCfg = Debug|Any CPU
		{4C841FBF-28A8-4170-AE26-8D57F5F26C05}.Debug|Any CPU.Build.0 = Debug|Any CPU
		{4C841FBF-28A8-4170-AE26-8D57F5F26C05}.Release|Any CPU.ActiveCfg = Release|Any CPU
		{4C841FBF-28A8-4170-AE26-8D57F5F26C05}.Release|Any CPU.Build.0 = Release|Any CPU
		{A30BBBA8-9AE1-4813-BE5F-D959F89D1FAA}.Debug|Any CPU.ActiveCfg = Debug|Any CPU
		{A30BBBA8-9AE1-4813-BE5F-D959F89D1FAA}.Debug|Any CPU.Build.0 = Debug|Any CPU
		{A30BBBA8-9AE1-4813-BE5F-D959F89D1FAA}.Release|Any CPU.ActiveCfg = Release|Any CPU
		{A30BBBA8-9AE1-4813-BE5F-D959F89D1FAA}.Release|Any CPU.Build.0 = Release|Any CPU
		{FB233A10-D5E3-4C72-A378-BDD92FE04B5D}.Debug|Any CPU.ActiveCfg = Debug|Any CPU
		{FB233A10-D5E3-4C72-A378-BDD92FE04B5D}.Debug|Any CPU.Build.0 = Debug|Any CPU
		{FB233A10-D5E3-4C72-A378-BDD92FE04B5D}.Release|Any CPU.ActiveCfg = Release|Any CPU
		{FB233A10-D5E3-4C72-A378-BDD92FE04B5D}.Release|Any CPU.Build.0 = Release|Any CPU
		{4D3EB165-E3AF-4536-9F5B-2FD8B8D557CD}.Debug|Any CPU.ActiveCfg = Debug|Any CPU
		{4D3EB165-E3AF-4536-9F5B-2FD8B8D557CD}.Debug|Any CPU.Build.0 = Debug|Any CPU
		{4D3EB165-E3AF-4536-9F5B-2FD8B8D557CD}.Release|Any CPU.ActiveCfg = Release|Any CPU
		{4D3EB165-E3AF-4536-9F5B-2FD8B8D557CD}.Release|Any CPU.Build.0 = Release|Any CPU
		{864908A8-9DE1-4A24-84DE-73A792CB12A8}.Debug|Any CPU.ActiveCfg = Debug|Any CPU
		{864908A8-9DE1-4A24-84DE-73A792CB12A8}.Debug|Any CPU.Build.0 = Debug|Any CPU
		{864908A8-9DE1-4A24-84DE-73A792CB12A8}.Release|Any CPU.ActiveCfg = Release|Any CPU
		{864908A8-9DE1-4A24-84DE-73A792CB12A8}.Release|Any CPU.Build.0 = Release|Any CPU
		{952D9145-3F60-4435-8E80-EC8A724F872C}.Debug|Any CPU.ActiveCfg = Debug|Any CPU
		{952D9145-3F60-4435-8E80-EC8A724F872C}.Debug|Any CPU.Build.0 = Debug|Any CPU
		{952D9145-3F60-4435-8E80-EC8A724F872C}.Release|Any CPU.ActiveCfg = Release|Any CPU
		{952D9145-3F60-4435-8E80-EC8A724F872C}.Release|Any CPU.Build.0 = Release|Any CPU
		{796CABB6-DDC9-4396-871C-F5C574277DD5}.Debug|Any CPU.ActiveCfg = Debug|Any CPU
		{796CABB6-DDC9-4396-871C-F5C574277DD5}.Debug|Any CPU.Build.0 = Debug|Any CPU
		{796CABB6-DDC9-4396-871C-F5C574277DD5}.Release|Any CPU.ActiveCfg = Release|Any CPU
		{796CABB6-DDC9-4396-871C-F5C574277DD5}.Release|Any CPU.Build.0 = Release|Any CPU
		{77911A05-7DE5-4C04-95DD-F5D5350C3B38}.Debug|Any CPU.ActiveCfg = Debug|Any CPU
		{77911A05-7DE5-4C04-95DD-F5D5350C3B38}.Debug|Any CPU.Build.0 = Debug|Any CPU
		{77911A05-7DE5-4C04-95DD-F5D5350C3B38}.Release|Any CPU.ActiveCfg = Release|Any CPU
		{77911A05-7DE5-4C04-95DD-F5D5350C3B38}.Release|Any CPU.Build.0 = Release|Any CPU
		{72FFF3DF-E6DB-4E14-B4B4-191C4FF477F0}.Debug|Any CPU.ActiveCfg = Debug|Any CPU
		{72FFF3DF-E6DB-4E14-B4B4-191C4FF477F0}.Debug|Any CPU.Build.0 = Debug|Any CPU
		{72FFF3DF-E6DB-4E14-B4B4-191C4FF477F0}.Release|Any CPU.ActiveCfg = Release|Any CPU
		{72FFF3DF-E6DB-4E14-B4B4-191C4FF477F0}.Release|Any CPU.Build.0 = Release|Any CPU
		{5C71B740-DE90-49FC-B6FF-4A00165750CF}.Debug|Any CPU.ActiveCfg = Debug|Any CPU
		{5C71B740-DE90-49FC-B6FF-4A00165750CF}.Debug|Any CPU.Build.0 = Debug|Any CPU
		{5C71B740-DE90-49FC-B6FF-4A00165750CF}.Release|Any CPU.ActiveCfg = Release|Any CPU
		{5C71B740-DE90-49FC-B6FF-4A00165750CF}.Release|Any CPU.Build.0 = Release|Any CPU
		{26C55565-BBAB-42D7-8AD9-A371734AC6F3}.Debug|Any CPU.ActiveCfg = Debug|Any CPU
		{26C55565-BBAB-42D7-8AD9-A371734AC6F3}.Debug|Any CPU.Build.0 = Debug|Any CPU
		{26C55565-BBAB-42D7-8AD9-A371734AC6F3}.Release|Any CPU.ActiveCfg = Release|Any CPU
		{26C55565-BBAB-42D7-8AD9-A371734AC6F3}.Release|Any CPU.Build.0 = Release|Any CPU
		{3DDE0CB6-266D-4AE7-A624-2F2FDE7186FE}.Debug|Any CPU.ActiveCfg = Debug|Any CPU
		{3DDE0CB6-266D-4AE7-A624-2F2FDE7186FE}.Debug|Any CPU.Build.0 = Debug|Any CPU
		{3DDE0CB6-266D-4AE7-A624-2F2FDE7186FE}.Release|Any CPU.ActiveCfg = Release|Any CPU
		{3DDE0CB6-266D-4AE7-A624-2F2FDE7186FE}.Release|Any CPU.Build.0 = Release|Any CPU
	EndGlobalSection
	GlobalSection(SolutionProperties) = preSolution
		HideSolutionNode = FALSE
	EndGlobalSection
	GlobalSection(NestedProjects) = preSolution
		{0322F7E1-EED3-4572-88A9-DF063A4E7083} = {9339D2D3-8723-4882-804F-248CF0536DEE}
		{51DA5659-29AA-42F6-BC98-1D6AF1E70395} = {9339D2D3-8723-4882-804F-248CF0536DEE}
		{A30BBBA8-9AE1-4813-BE5F-D959F89D1FAA} = {9339D2D3-8723-4882-804F-248CF0536DEE}
		{4D3EB165-E3AF-4536-9F5B-2FD8B8D557CD} = {9339D2D3-8723-4882-804F-248CF0536DEE}
		{952D9145-3F60-4435-8E80-EC8A724F872C} = {9339D2D3-8723-4882-804F-248CF0536DEE}
		{77911A05-7DE5-4C04-95DD-F5D5350C3B38} = {9339D2D3-8723-4882-804F-248CF0536DEE}
		{5C71B740-DE90-49FC-B6FF-4A00165750CF} = {9339D2D3-8723-4882-804F-248CF0536DEE}
		{3DDE0CB6-266D-4AE7-A624-2F2FDE7186FE} = {9339D2D3-8723-4882-804F-248CF0536DEE}
	EndGlobalSection
EndGlobal
